
Microsoft Visual Studio Solution File, Format Version 12.00
# Visual Studio Version 17
VisualStudioVersion = 17.2.32616.157
MinimumVisualStudioVersion = 10.0.40219.1
Project("{FAE04EC0-301F-11D3-BF4B-00C04F79EFBC}") = "ConcurrentAPICallTest", "ConcurrentAPICallTest\ConcurrentAPICallTest.csproj", "{D8A19612-3F8E-4C15-B402-9B5FCA5B787B}"
EndProject
Global
	GlobalSection(SolutionConfigurationPlatforms) = preSolution
		Debug|Any CPU = Debug|Any CPU
		Release|Any CPU = Release|Any CPU
	EndGlobalSection
	GlobalSection(ProjectConfigurationPlatforms) = postSolution
		{D8A19612-3F8E-4C15-B402-9B5FCA5B787B}.Debug|Any CPU.ActiveCfg = Debug|Any CPU
		{D8A19612-3F8E-4C15-B402-9B5FCA5B787B}.Debug|Any CPU.Build.0 = Debug|Any CPU
		{D8A19612-3F8E-4C15-B402-9B5FCA5B787B}.Release|Any CPU.ActiveCfg = Release|Any CPU
		{D8A19612-3F8E-4C15-B402-9B5FCA5B787B}.Release|Any CPU.Build.0 = Release|Any CPU
	EndGlobalSection
	GlobalSection(SolutionProperties) = preSolution
		HideSolutionNode = FALSE
	EndGlobalSection
	GlobalSection(ExtensibilityGlobals) = postSolution
		SolutionGuid = {EF4BB063-6F72-49B5-AAE5-2E225052A26A}
	EndGlobalSection
EndGlobal
